
Microsoft Visual Studio Solution File, Format Version 12.00
# Visual Studio Version 16
VisualStudioVersion = 16.0.30406.217
MinimumVisualStudioVersion = 10.0.40219.1
Project("{9A19103F-16F7-4668-BE54-9A1E7A4F7556}") = "VaporStore", "VaporStore.csproj", "{5E6F270F-4773-4451-A2F7-552BF611D5FF}"
EndProject
Global
	GlobalSection(SolutionConfigurationPlatforms) = preSolution
		Debug|Any CPU = Debug|Any CPU
		Release|Any CPU = Release|Any CPU
	EndGlobalSection
	GlobalSection(ProjectConfigurationPlatforms) = postSolution
		{5E6F270F-4773-4451-A2F7-552BF611D5FF}.Debug|Any CPU.ActiveCfg = Debug|Any CPU
		{5E6F270F-4773-4451-A2F7-552BF611D5FF}.Debug|Any CPU.Build.0 = Debug|Any CPU
		{5E6F270F-4773-4451-A2F7-552BF611D5FF}.Release|Any CPU.ActiveCfg = Release|Any CPU
		{5E6F270F-4773-4451-A2F7-552BF611D5FF}.Release|Any CPU.Build.0 = Release|Any CPU
	EndGlobalSection
	GlobalSection(SolutionProperties) = preSolution
		HideSolutionNode = FALSE
	EndGlobalSection
	GlobalSection(ExtensibilityGlobals) = postSolution
		SolutionGuid = {343F02FE-F18C-4709-A71F-7CB514B1D7D9}
	EndGlobalSection
EndGlobal
